
Microsoft Visual Studio Solution File, Format Version 12.00
# Visual Studio 15
VisualStudioVersion = 15.0.27703.2042
MinimumVisualStudioVersion = 10.0.40219.1
Project("{FAE04EC0-301F-11D3-BF4B-00C04F79EFBC}") = "AzimuthApp", "AzimuthApp\AzimuthApp.csproj", "{275F9C73-9900-4F3D-8468-8F6FD3B8613F}"
EndProject
Project("{FAE04EC0-301F-11D3-BF4B-00C04F79EFBC}") = "SMath", "SMath\SMath.csproj", "{B1643F01-7B11-4204-8BA4-ADFE6082735A}"
EndProject
Project("{FAE04EC0-301F-11D3-BF4B-00C04F79EFBC}") = "UnitTestSMath", "UnitTestSMath\UnitTestSMath.csproj", "{2F49F8E6-A75A-4E65-81FF-A25ED51A9321}"
EndProject
Global
	GlobalSection(SolutionConfigurationPlatforms) = preSolution
		Debug|Any CPU = Debug|Any CPU
		Release|Any CPU = Release|Any CPU
	EndGlobalSection
	GlobalSection(ProjectConfigurationPlatforms) = postSolution
		{275F9C73-9900-4F3D-8468-8F6FD3B8613F}.Debug|Any CPU.ActiveCfg = Debug|Any CPU
		{275F9C73-9900-4F3D-8468-8F6FD3B8613F}.Debug|Any CPU.Build.0 = Debug|Any CPU
		{275F9C73-9900-4F3D-8468-8F6FD3B8613F}.Release|Any CPU.ActiveCfg = Release|Any CPU
		{275F9C73-9900-4F3D-8468-8F6FD3B8613F}.Release|Any CPU.Build.0 = Release|Any CPU
		{B1643F01-7B11-4204-8BA4-ADFE6082735A}.Debug|Any CPU.ActiveCfg = Debug|Any CPU
		{B1643F01-7B11-4204-8BA4-ADFE6082735A}.Debug|Any CPU.Build.0 = Debug|Any CPU
		{B1643F01-7B11-4204-8BA4-ADFE6082735A}.Release|Any CPU.ActiveCfg = Release|Any CPU
		{B1643F01-7B11-4204-8BA4-ADFE6082735A}.Release|Any CPU.Build.0 = Release|Any CPU
		{2F49F8E6-A75A-4E65-81FF-A25ED51A9321}.Debug|Any CPU.ActiveCfg = Debug|Any CPU
		{2F49F8E6-A75A-4E65-81FF-A25ED51A9321}.Debug|Any CPU.Build.0 = Debug|Any CPU
		{2F49F8E6-A75A-4E65-81FF-A25ED51A9321}.Release|Any CPU.ActiveCfg = Release|Any CPU
		{2F49F8E6-A75A-4E65-81FF-A25ED51A9321}.Release|Any CPU.Build.0 = Release|Any CPU
	EndGlobalSection
	GlobalSection(SolutionProperties) = preSolution
		HideSolutionNode = FALSE
	EndGlobalSection
	GlobalSection(ExtensibilityGlobals) = postSolution
		SolutionGuid = {8F9F67C0-EEFA-4EA5-82BB-B4E61A98D686}
	EndGlobalSection
EndGlobal
